
Microsoft Visual Studio Solution File, Format Version 11.00
# Visual Studio 2010
Project("{54435603-DBB4-11D2-8724-00A0C9A8B90C}") = "Maxcity", "Maxcity\Maxcity.vdproj", "{FBFCC134-3323-4079-88DB-EBD1B307E65E}"
EndProject
Global
	GlobalSection(SolutionConfigurationPlatforms) = preSolution
		Debug|Default = Debug|Default
		Release|Default = Release|Default
	EndGlobalSection
	GlobalSection(ProjectConfigurationPlatforms) = postSolution
		{FBFCC134-3323-4079-88DB-EBD1B307E65E}.Debug|Default.ActiveCfg = Debug
		{FBFCC134-3323-4079-88DB-EBD1B307E65E}.Debug|Default.Build.0 = Debug
		{FBFCC134-3323-4079-88DB-EBD1B307E65E}.Release|Default.ActiveCfg = Release
		{FBFCC134-3323-4079-88DB-EBD1B307E65E}.Release|Default.Build.0 = Release
	EndGlobalSection
	GlobalSection(SolutionProperties) = preSolution
		HideSolutionNode = FALSE
	EndGlobalSection
EndGlobal
