
Microsoft Visual Studio Solution File, Format Version 11.00
# Visual Studio 2010
Project("{FAE04EC0-301F-11D3-BF4B-00C04F79EFBC}") = "maxcity", "maxcity\maxcity.csproj", "{D3EFEA99-8C98-4C0D-BB2E-EB9D649C7CBC}"
EndProject
Project("{54435603-DBB4-11D2-8724-00A0C9A8B90C}") = "Setup", "Setup\Setup.vdproj", "{90DB0EC5-E12C-41A9-BABC-11B9CF7B048F}"
EndProject
Global
	GlobalSection(SolutionConfigurationPlatforms) = preSolution
		Debug|x86 = Debug|x86
		Release|x86 = Release|x86
	EndGlobalSection
	GlobalSection(ProjectConfigurationPlatforms) = postSolution
		{D3EFEA99-8C98-4C0D-BB2E-EB9D649C7CBC}.Debug|x86.ActiveCfg = Debug|x86
		{D3EFEA99-8C98-4C0D-BB2E-EB9D649C7CBC}.Debug|x86.Build.0 = Debug|x86
		{D3EFEA99-8C98-4C0D-BB2E-EB9D649C7CBC}.Release|x86.ActiveCfg = Release|x86
		{D3EFEA99-8C98-4C0D-BB2E-EB9D649C7CBC}.Release|x86.Build.0 = Release|x86
		{90DB0EC5-E12C-41A9-BABC-11B9CF7B048F}.Debug|x86.ActiveCfg = Debug
		{90DB0EC5-E12C-41A9-BABC-11B9CF7B048F}.Release|x86.ActiveCfg = Release
	EndGlobalSection
	GlobalSection(SolutionProperties) = preSolution
		HideSolutionNode = FALSE
	EndGlobalSection
EndGlobal
